<?xml version="1.0" encoding="UTF-8"?>
<!DOCTYPE plist PUBLIC "-//Apple//DTD PLIST 1.0//EN" "http://www.apple.com/DTDs/PropertyList-1.0.dtd">
<plist version="1.0">
<dict>
	<key>archiveVersion</key>
	<string>1</string>
	<key>classes</key>
	<dict/>
	<key>objectVersion</key>
	<string>46</string>
	<key>objects</key>
	<dict>
		<key>446A752EC5D9CE5C0F37069A</key>
		<dict>
			<key>includeInIndex</key>
			<string>1</string>
			<key>isa</key>
			<string>PBXFileReference</string>
			<key>lastKnownFileType</key>
			<string>text.xcconfig</string>
			<key>name</key>
			<string>Pods-FiltacularTests.debug.xcconfig</string>
			<key>path</key>
			<string>Pods/Target Support Files/Pods-FiltacularTests/Pods-FiltacularTests.debug.xcconfig</string>
			<key>sourceTree</key>
			<string>&lt;group&gt;</string>
		</dict>
		<key>85026EE1519951E127FB997B</key>
		<dict>
			<key>fileRef</key>
			<string>F87BD5DD489DB985D5711B7B</string>
			<key>isa</key>
			<string>PBXBuildFile</string>
		</dict>
		<key>B71941FC07BF3155C05904E7</key>
		<dict>
			<key>children</key>
			<array>
				<string>446A752EC5D9CE5C0F37069A</string>
				<string>C20F244065095227C4DD1B2B</string>
			</array>
			<key>isa</key>
			<string>PBXGroup</string>
			<key>name</key>
			<string>Pods</string>
			<key>sourceTree</key>
			<string>&lt;group&gt;</string>
		</dict>
		<key>C20F244065095227C4DD1B2B</key>
		<dict>
			<key>includeInIndex</key>
			<string>1</string>
			<key>isa</key>
			<string>PBXFileReference</string>
			<key>lastKnownFileType</key>
			<string>text.xcconfig</string>
			<key>name</key>
			<string>Pods-FiltacularTests.release.xcconfig</string>
			<key>path</key>
			<string>Pods/Target Support Files/Pods-FiltacularTests/Pods-FiltacularTests.release.xcconfig</string>
			<key>sourceTree</key>
			<string>&lt;group&gt;</string>
		</dict>
		<key>C5DC01DBF7DBEBB44E3DB3AE</key>
		<dict>
			<key>buildActionMask</key>
			<string>2147483647</string>
			<key>files</key>
			<array/>
			<key>inputPaths</key>
			<array/>
			<key>isa</key>
			<string>PBXShellScriptBuildPhase</string>
			<key>name</key>
			<string>Check Pods Manifest.lock</string>
			<key>outputPaths</key>
			<array/>
			<key>runOnlyForDeploymentPostprocessing</key>
			<string>0</string>
			<key>shellPath</key>
			<string>/bin/sh</string>
			<key>shellScript</key>
			<string>diff "${PODS_ROOT}/../Podfile.lock" "${PODS_ROOT}/Manifest.lock" &gt; /dev/null
if [[ $? != 0 ]] ; then
    cat &lt;&lt; EOM
error: The sandbox is not in sync with the Podfile.lock. Run 'pod install' or update your CocoaPods installation.
EOM
    exit 1
fi
</string>
			<key>showEnvVarsInLog</key>
			<string>0</string>
		</dict>
		<key>CA91FFD2E7FCBC62D8EFE2CB</key>
		<dict>
			<key>buildActionMask</key>
			<string>2147483647</string>
			<key>files</key>
			<array/>
			<key>inputPaths</key>
			<array/>
			<key>isa</key>
			<string>PBXShellScriptBuildPhase</string>
			<key>name</key>
			<string>Copy Pods Resources</string>
			<key>outputPaths</key>
			<array/>
			<key>runOnlyForDeploymentPostprocessing</key>
			<string>0</string>
			<key>shellPath</key>
			<string>/bin/sh</string>
			<key>shellScript</key>
			<string>"${SRCROOT}/Pods/Target Support Files/Pods-FiltacularTests/Pods-FiltacularTests-resources.sh"
</string>
			<key>showEnvVarsInLog</key>
			<string>0</string>
		</dict>
		<key>DF183B8A1B1CAA2B0001DDA4</key>
		<dict>
			<key>children</key>
			<array>
				<string>DF183B951B1CAA2B0001DDA4</string>
				<string>DF183BB21B1CAA2B0001DDA4</string>
				<string>DF183B941B1CAA2B0001DDA4</string>
				<string>B71941FC07BF3155C05904E7</string>
				<string>F9FE532600B8A1C56C214958</string>
			</array>
			<key>isa</key>
			<string>PBXGroup</string>
			<key>sourceTree</key>
			<string>&lt;group&gt;</string>
		</dict>
		<key>DF183B8B1B1CAA2B0001DDA4</key>
		<dict>
			<key>attributes</key>
			<dict>
				<key>LastUpgradeCheck</key>
				<string>0630</string>
				<key>ORGANIZATIONNAME</key>
				<string>Cloudspace</string>
				<key>TargetAttributes</key>
				<dict>
					<key>DF183B921B1CAA2B0001DDA4</key>
					<dict>
						<key>CreatedOnToolsVersion</key>
						<string>6.3.2</string>
					</dict>
					<key>DF183BAE1B1CAA2B0001DDA4</key>
					<dict>
						<key>CreatedOnToolsVersion</key>
						<string>6.3.2</string>
						<key>TestTargetID</key>
						<string>DF183B921B1CAA2B0001DDA4</string>
					</dict>
				</dict>
			</dict>
			<key>buildConfigurationList</key>
			<string>DF183B8E1B1CAA2B0001DDA4</string>
			<key>compatibilityVersion</key>
			<string>Xcode 3.2</string>
			<key>developmentRegion</key>
			<string>English</string>
			<key>hasScannedForEncodings</key>
			<string>0</string>
			<key>isa</key>
			<string>PBXProject</string>
			<key>knownRegions</key>
			<array>
				<string>en</string>
				<string>Base</string>
			</array>
			<key>mainGroup</key>
			<string>DF183B8A1B1CAA2B0001DDA4</string>
			<key>productRefGroup</key>
			<string>DF183B941B1CAA2B0001DDA4</string>
			<key>projectDirPath</key>
			<string></string>
			<key>projectReferences</key>
			<array/>
			<key>projectRoot</key>
			<string></string>
			<key>targets</key>
			<array>
				<string>DF183B921B1CAA2B0001DDA4</string>
				<string>DF183BAE1B1CAA2B0001DDA4</string>
			</array>
		</dict>
		<key>DF183B8E1B1CAA2B0001DDA4</key>
		<dict>
			<key>buildConfigurations</key>
			<array>
				<string>DF183BB71B1CAA2B0001DDA4</string>
				<string>DF183BB81B1CAA2B0001DDA4</string>
			</array>
			<key>defaultConfigurationIsVisible</key>
			<string>0</string>
			<key>defaultConfigurationName</key>
			<string>Release</string>
			<key>isa</key>
			<string>XCConfigurationList</string>
		</dict>
		<key>DF183B8F1B1CAA2B0001DDA4</key>
		<dict>
			<key>buildActionMask</key>
			<string>2147483647</string>
			<key>files</key>
			<array>
				<string>DF183B9C1B1CAA2B0001DDA4</string>
				<string>DF183B9F1B1CAA2B0001DDA4</string>
				<string>DF183BA21B1CAA2B0001DDA4</string>
				<string>DF183B991B1CAA2B0001DDA4</string>
			</array>
			<key>isa</key>
			<string>PBXSourcesBuildPhase</string>
			<key>runOnlyForDeploymentPostprocessing</key>
			<string>0</string>
		</dict>
		<key>DF183B901B1CAA2B0001DDA4</key>
		<dict>
			<key>buildActionMask</key>
			<string>2147483647</string>
			<key>files</key>
			<array/>
			<key>isa</key>
			<string>PBXFrameworksBuildPhase</string>
			<key>runOnlyForDeploymentPostprocessing</key>
			<string>0</string>
		</dict>
		<key>DF183B911B1CAA2B0001DDA4</key>
		<dict>
			<key>buildActionMask</key>
			<string>2147483647</string>
			<key>files</key>
			<array>
				<string>DF183BA51B1CAA2B0001DDA4</string>
				<string>DF183BAA1B1CAA2B0001DDA4</string>
				<string>DF183BA71B1CAA2B0001DDA4</string>
			</array>
			<key>isa</key>
			<string>PBXResourcesBuildPhase</string>
			<key>runOnlyForDeploymentPostprocessing</key>
			<string>0</string>
		</dict>
		<key>DF183B921B1CAA2B0001DDA4</key>
		<dict>
			<key>buildConfigurationList</key>
			<string>DF183BB91B1CAA2B0001DDA4</string>
			<key>buildPhases</key>
			<array>
				<string>DF183B8F1B1CAA2B0001DDA4</string>
				<string>DF183B901B1CAA2B0001DDA4</string>
				<string>DF183B911B1CAA2B0001DDA4</string>
			</array>
			<key>buildRules</key>
			<array/>
			<key>dependencies</key>
			<array/>
			<key>isa</key>
			<string>PBXNativeTarget</string>
			<key>name</key>
			<string>Filtacular</string>
			<key>productName</key>
			<string>Filtacular</string>
			<key>productReference</key>
			<string>DF183B931B1CAA2B0001DDA4</string>
			<key>productType</key>
			<string>com.apple.product-type.application</string>
		</dict>
		<key>DF183B931B1CAA2B0001DDA4</key>
		<dict>
			<key>explicitFileType</key>
			<string>wrapper.application</string>
			<key>includeInIndex</key>
			<string>0</string>
			<key>isa</key>
			<string>PBXFileReference</string>
			<key>path</key>
			<string>Filtacular.app</string>
			<key>sourceTree</key>
			<string>BUILT_PRODUCTS_DIR</string>
		</dict>
		<key>DF183B941B1CAA2B0001DDA4</key>
		<dict>
			<key>children</key>
			<array>
				<string>DF183B931B1CAA2B0001DDA4</string>
				<string>DF183BAF1B1CAA2B0001DDA4</string>
			</array>
			<key>isa</key>
			<string>PBXGroup</string>
			<key>name</key>
			<string>Products</string>
			<key>sourceTree</key>
			<string>&lt;group&gt;</string>
		</dict>
		<key>DF183B951B1CAA2B0001DDA4</key>
		<dict>
			<key>children</key>
			<array>
				<string>DF183B9A1B1CAA2B0001DDA4</string>
				<string>DF183B9B1B1CAA2B0001DDA4</string>
				<string>DF183BA01B1CAA2B0001DDA4</string>
				<string>DF183BA11B1CAA2B0001DDA4</string>
				<string>DF183BA31B1CAA2B0001DDA4</string>
				<string>DF183BA61B1CAA2B0001DDA4</string>
				<string>DF183BA81B1CAA2B0001DDA4</string>
				<string>DF183B9D1B1CAA2B0001DDA4</string>
				<string>DF183B961B1CAA2B0001DDA4</string>
			</array>
			<key>isa</key>
			<string>PBXGroup</string>
			<key>path</key>
			<string>Filtacular</string>
			<key>sourceTree</key>
			<string>&lt;group&gt;</string>
		</dict>
		<key>DF183B961B1CAA2B0001DDA4</key>
		<dict>
			<key>children</key>
			<array>
				<string>DF183B971B1CAA2B0001DDA4</string>
				<string>DF183B981B1CAA2B0001DDA4</string>
			</array>
			<key>isa</key>
			<string>PBXGroup</string>
			<key>name</key>
			<string>Supporting Files</string>
			<key>sourceTree</key>
			<string>&lt;group&gt;</string>
		</dict>
		<key>DF183B971B1CAA2B0001DDA4</key>
		<dict>
			<key>isa</key>
			<string>PBXFileReference</string>
			<key>lastKnownFileType</key>
			<string>text.plist.xml</string>
			<key>path</key>
			<string>Info.plist</string>
			<key>sourceTree</key>
			<string>&lt;group&gt;</string>
		</dict>
		<key>DF183B981B1CAA2B0001DDA4</key>
		<dict>
			<key>isa</key>
			<string>PBXFileReference</string>
			<key>lastKnownFileType</key>
			<string>sourcecode.c.objc</string>
			<key>path</key>
			<string>main.m</string>
			<key>sourceTree</key>
			<string>&lt;group&gt;</string>
		</dict>
		<key>DF183B991B1CAA2B0001DDA4</key>
		<dict>
			<key>fileRef</key>
			<string>DF183B981B1CAA2B0001DDA4</string>
			<key>isa</key>
			<string>PBXBuildFile</string>
		</dict>
		<key>DF183B9A1B1CAA2B0001DDA4</key>
		<dict>
			<key>isa</key>
			<string>PBXFileReference</string>
			<key>lastKnownFileType</key>
			<string>sourcecode.c.h</string>
			<key>path</key>
			<string>AppDelegate.h</string>
			<key>sourceTree</key>
			<string>&lt;group&gt;</string>
		</dict>
		<key>DF183B9B1B1CAA2B0001DDA4</key>
		<dict>
			<key>isa</key>
			<string>PBXFileReference</string>
			<key>lastKnownFileType</key>
			<string>sourcecode.c.objc</string>
			<key>path</key>
			<string>AppDelegate.m</string>
			<key>sourceTree</key>
			<string>&lt;group&gt;</string>
		</dict>
		<key>DF183B9C1B1CAA2B0001DDA4</key>
		<dict>
			<key>fileRef</key>
			<string>DF183B9B1B1CAA2B0001DDA4</string>
			<key>isa</key>
			<string>PBXBuildFile</string>
		</dict>
		<key>DF183B9D1B1CAA2B0001DDA4</key>
		<dict>
			<key>children</key>
			<array>
				<string>DF183B9E1B1CAA2B0001DDA4</string>
			</array>
			<key>currentVersion</key>
			<string>DF183B9E1B1CAA2B0001DDA4</string>
			<key>isa</key>
			<string>XCVersionGroup</string>
			<key>path</key>
			<string>Filtacular.xcdatamodeld</string>
			<key>sourceTree</key>
			<string>&lt;group&gt;</string>
			<key>versionGroupType</key>
			<string>wrapper.xcdatamodel</string>
		</dict>
		<key>DF183B9E1B1CAA2B0001DDA4</key>
		<dict>
			<key>isa</key>
			<string>PBXFileReference</string>
			<key>lastKnownFileType</key>
			<string>wrapper.xcdatamodel</string>
			<key>path</key>
			<string>Filtacular.xcdatamodel</string>
			<key>sourceTree</key>
			<string>&lt;group&gt;</string>
		</dict>
		<key>DF183B9F1B1CAA2B0001DDA4</key>
		<dict>
			<key>fileRef</key>
			<string>DF183B9D1B1CAA2B0001DDA4</string>
			<key>isa</key>
			<string>PBXBuildFile</string>
		</dict>
		<key>DF183BA01B1CAA2B0001DDA4</key>
		<dict>
			<key>isa</key>
			<string>PBXFileReference</string>
			<key>lastKnownFileType</key>
			<string>sourcecode.c.h</string>
			<key>path</key>
			<string>ViewController.h</string>
			<key>sourceTree</key>
			<string>&lt;group&gt;</string>
		</dict>
		<key>DF183BA11B1CAA2B0001DDA4</key>
		<dict>
			<key>isa</key>
			<string>PBXFileReference</string>
			<key>lastKnownFileType</key>
			<string>sourcecode.c.objc</string>
			<key>path</key>
			<string>ViewController.m</string>
			<key>sourceTree</key>
			<string>&lt;group&gt;</string>
		</dict>
		<key>DF183BA21B1CAA2B0001DDA4</key>
		<dict>
			<key>fileRef</key>
			<string>DF183BA11B1CAA2B0001DDA4</string>
			<key>isa</key>
			<string>PBXBuildFile</string>
		</dict>
		<key>DF183BA31B1CAA2B0001DDA4</key>
		<dict>
			<key>children</key>
			<array>
				<string>DF183BA41B1CAA2B0001DDA4</string>
			</array>
			<key>isa</key>
			<string>PBXVariantGroup</string>
			<key>name</key>
			<string>Main.storyboard</string>
			<key>sourceTree</key>
			<string>&lt;group&gt;</string>
		</dict>
		<key>DF183BA41B1CAA2B0001DDA4</key>
		<dict>
			<key>isa</key>
			<string>PBXFileReference</string>
			<key>lastKnownFileType</key>
			<string>file.storyboard</string>
			<key>name</key>
			<string>Base</string>
			<key>path</key>
			<string>Base.lproj/Main.storyboard</string>
			<key>sourceTree</key>
			<string>&lt;group&gt;</string>
		</dict>
		<key>DF183BA51B1CAA2B0001DDA4</key>
		<dict>
			<key>fileRef</key>
			<string>DF183BA31B1CAA2B0001DDA4</string>
			<key>isa</key>
			<string>PBXBuildFile</string>
		</dict>
		<key>DF183BA61B1CAA2B0001DDA4</key>
		<dict>
			<key>isa</key>
			<string>PBXFileReference</string>
			<key>lastKnownFileType</key>
			<string>folder.assetcatalog</string>
			<key>path</key>
			<string>Images.xcassets</string>
			<key>sourceTree</key>
			<string>&lt;group&gt;</string>
		</dict>
		<key>DF183BA71B1CAA2B0001DDA4</key>
		<dict>
			<key>fileRef</key>
			<string>DF183BA61B1CAA2B0001DDA4</string>
			<key>isa</key>
			<string>PBXBuildFile</string>
		</dict>
		<key>DF183BA81B1CAA2B0001DDA4</key>
		<dict>
			<key>children</key>
			<array>
				<string>DF183BA91B1CAA2B0001DDA4</string>
			</array>
			<key>isa</key>
			<string>PBXVariantGroup</string>
			<key>name</key>
			<string>LaunchScreen.xib</string>
			<key>sourceTree</key>
			<string>&lt;group&gt;</string>
		</dict>
		<key>DF183BA91B1CAA2B0001DDA4</key>
		<dict>
			<key>isa</key>
			<string>PBXFileReference</string>
			<key>lastKnownFileType</key>
			<string>file.xib</string>
			<key>name</key>
			<string>Base</string>
			<key>path</key>
			<string>Base.lproj/LaunchScreen.xib</string>
			<key>sourceTree</key>
			<string>&lt;group&gt;</string>
		</dict>
		<key>DF183BAA1B1CAA2B0001DDA4</key>
		<dict>
			<key>fileRef</key>
			<string>DF183BA81B1CAA2B0001DDA4</string>
			<key>isa</key>
			<string>PBXBuildFile</string>
		</dict>
		<key>DF183BAB1B1CAA2B0001DDA4</key>
		<dict>
			<key>buildActionMask</key>
			<string>2147483647</string>
			<key>files</key>
			<array>
				<string>DF183BB61B1CAA2B0001DDA4</string>
			</array>
			<key>isa</key>
			<string>PBXSourcesBuildPhase</string>
			<key>runOnlyForDeploymentPostprocessing</key>
			<string>0</string>
		</dict>
		<key>DF183BAC1B1CAA2B0001DDA4</key>
		<dict>
			<key>buildActionMask</key>
			<string>2147483647</string>
			<key>files</key>
			<array>
				<string>85026EE1519951E127FB997B</string>
			</array>
			<key>isa</key>
			<string>PBXFrameworksBuildPhase</string>
			<key>runOnlyForDeploymentPostprocessing</key>
			<string>0</string>
		</dict>
		<key>DF183BAD1B1CAA2B0001DDA4</key>
		<dict>
			<key>buildActionMask</key>
			<string>2147483647</string>
			<key>files</key>
			<array/>
			<key>isa</key>
			<string>PBXResourcesBuildPhase</string>
			<key>runOnlyForDeploymentPostprocessing</key>
			<string>0</string>
		</dict>
		<key>DF183BAE1B1CAA2B0001DDA4</key>
		<dict>
			<key>buildConfigurationList</key>
			<string>DF183BBC1B1CAA2B0001DDA4</string>
			<key>buildPhases</key>
			<array>
				<string>C5DC01DBF7DBEBB44E3DB3AE</string>
				<string>DF183BAB1B1CAA2B0001DDA4</string>
				<string>DF183BAC1B1CAA2B0001DDA4</string>
				<string>DF183BAD1B1CAA2B0001DDA4</string>
				<string>CA91FFD2E7FCBC62D8EFE2CB</string>
			</array>
			<key>buildRules</key>
			<array/>
			<key>dependencies</key>
			<array>
				<string>DF183BB11B1CAA2B0001DDA4</string>
			</array>
			<key>isa</key>
			<string>PBXNativeTarget</string>
			<key>name</key>
			<string>FiltacularTests</string>
			<key>productName</key>
			<string>FiltacularTests</string>
			<key>productReference</key>
			<string>DF183BAF1B1CAA2B0001DDA4</string>
			<key>productType</key>
			<string>com.apple.product-type.bundle.unit-test</string>
		</dict>
		<key>DF183BAF1B1CAA2B0001DDA4</key>
		<dict>
			<key>explicitFileType</key>
			<string>wrapper.cfbundle</string>
			<key>includeInIndex</key>
			<string>0</string>
			<key>isa</key>
			<string>PBXFileReference</string>
			<key>path</key>
			<string>FiltacularTests.xctest</string>
			<key>sourceTree</key>
			<string>BUILT_PRODUCTS_DIR</string>
		</dict>
		<key>DF183BB01B1CAA2B0001DDA4</key>
		<dict>
			<key>containerPortal</key>
			<string>DF183B8B1B1CAA2B0001DDA4</string>
			<key>isa</key>
			<string>PBXContainerItemProxy</string>
			<key>proxyType</key>
			<string>1</string>
			<key>remoteGlobalIDString</key>
			<string>DF183B921B1CAA2B0001DDA4</string>
			<key>remoteInfo</key>
			<string>Filtacular</string>
		</dict>
		<key>DF183BB11B1CAA2B0001DDA4</key>
		<dict>
			<key>isa</key>
			<string>PBXTargetDependency</string>
			<key>target</key>
			<string>DF183B921B1CAA2B0001DDA4</string>
			<key>targetProxy</key>
			<string>DF183BB01B1CAA2B0001DDA4</string>
		</dict>
		<key>DF183BB21B1CAA2B0001DDA4</key>
		<dict>
			<key>children</key>
			<array>
				<string>DF183BB51B1CAA2B0001DDA4</string>
				<string>DF183BB31B1CAA2B0001DDA4</string>
			</array>
			<key>isa</key>
			<string>PBXGroup</string>
			<key>path</key>
			<string>FiltacularTests</string>
			<key>sourceTree</key>
			<string>&lt;group&gt;</string>
		</dict>
		<key>DF183BB31B1CAA2B0001DDA4</key>
		<dict>
			<key>children</key>
			<array>
				<string>DF183BB41B1CAA2B0001DDA4</string>
			</array>
			<key>isa</key>
			<string>PBXGroup</string>
			<key>name</key>
			<string>Supporting Files</string>
			<key>sourceTree</key>
			<string>&lt;group&gt;</string>
		</dict>
		<key>DF183BB41B1CAA2B0001DDA4</key>
		<dict>
			<key>isa</key>
			<string>PBXFileReference</string>
			<key>lastKnownFileType</key>
			<string>text.plist.xml</string>
			<key>path</key>
			<string>Info.plist</string>
			<key>sourceTree</key>
			<string>&lt;group&gt;</string>
		</dict>
		<key>DF183BB51B1CAA2B0001DDA4</key>
		<dict>
			<key>isa</key>
			<string>PBXFileReference</string>
			<key>lastKnownFileType</key>
			<string>sourcecode.c.objc</string>
			<key>path</key>
			<string>FiltacularTests.m</string>
			<key>sourceTree</key>
			<string>&lt;group&gt;</string>
		</dict>
		<key>DF183BB61B1CAA2B0001DDA4</key>
		<dict>
			<key>fileRef</key>
			<string>DF183BB51B1CAA2B0001DDA4</string>
			<key>isa</key>
			<string>PBXBuildFile</string>
		</dict>
		<key>DF183BB71B1CAA2B0001DDA4</key>
		<dict>
			<key>buildSettings</key>
			<dict>
				<key>ALWAYS_SEARCH_USER_PATHS</key>
				<string>NO</string>
				<key>CLANG_CXX_LANGUAGE_STANDARD</key>
				<string>gnu++0x</string>
				<key>CLANG_CXX_LIBRARY</key>
				<string>libc++</string>
				<key>CLANG_ENABLE_MODULES</key>
				<string>YES</string>
				<key>CLANG_ENABLE_OBJC_ARC</key>
				<string>YES</string>
				<key>CLANG_WARN_BOOL_CONVERSION</key>
				<string>YES</string>
				<key>CLANG_WARN_CONSTANT_CONVERSION</key>
				<string>YES</string>
				<key>CLANG_WARN_DIRECT_OBJC_ISA_USAGE</key>
				<string>YES_ERROR</string>
				<key>CLANG_WARN_EMPTY_BODY</key>
				<string>YES</string>
				<key>CLANG_WARN_ENUM_CONVERSION</key>
				<string>YES</string>
				<key>CLANG_WARN_INT_CONVERSION</key>
				<string>YES</string>
				<key>CLANG_WARN_OBJC_ROOT_CLASS</key>
				<string>YES_ERROR</string>
				<key>CLANG_WARN_UNREACHABLE_CODE</key>
				<string>YES</string>
				<key>CLANG_WARN__DUPLICATE_METHOD_MATCH</key>
				<string>YES</string>
				<key>CODE_SIGN_IDENTITY[sdk=iphoneos*]</key>
				<string>iPhone Developer</string>
				<key>COPY_PHASE_STRIP</key>
				<string>NO</string>
				<key>DEBUG_INFORMATION_FORMAT</key>
				<string>dwarf-with-dsym</string>
				<key>ENABLE_STRICT_OBJC_MSGSEND</key>
				<string>YES</string>
				<key>GCC_C_LANGUAGE_STANDARD</key>
				<string>gnu99</string>
				<key>GCC_DYNAMIC_NO_PIC</key>
				<string>NO</string>
				<key>GCC_NO_COMMON_BLOCKS</key>
				<string>YES</string>
				<key>GCC_OPTIMIZATION_LEVEL</key>
				<string>0</string>
				<key>GCC_PREPROCESSOR_DEFINITIONS</key>
				<array>
					<string>DEBUG=1</string>
					<string>$(inherited)</string>
				</array>
				<key>GCC_SYMBOLS_PRIVATE_EXTERN</key>
				<string>NO</string>
				<key>GCC_WARN_64_TO_32_BIT_CONVERSION</key>
				<string>YES</string>
				<key>GCC_WARN_ABOUT_RETURN_TYPE</key>
				<string>YES_ERROR</string>
				<key>GCC_WARN_UNDECLARED_SELECTOR</key>
				<string>YES</string>
				<key>GCC_WARN_UNINITIALIZED_AUTOS</key>
				<string>YES_AGGRESSIVE</string>
				<key>GCC_WARN_UNUSED_FUNCTION</key>
				<string>YES</string>
				<key>GCC_WARN_UNUSED_VARIABLE</key>
				<string>YES</string>
				<key>IPHONEOS_DEPLOYMENT_TARGET</key>
				<string>8.3</string>
				<key>MTL_ENABLE_DEBUG_INFO</key>
				<string>YES</string>
				<key>ONLY_ACTIVE_ARCH</key>
				<string>YES</string>
				<key>SDKROOT</key>
				<string>iphoneos</string>
			</dict>
			<key>isa</key>
			<string>XCBuildConfiguration</string>
			<key>name</key>
			<string>Debug</string>
		</dict>
		<key>DF183BB81B1CAA2B0001DDA4</key>
		<dict>
			<key>buildSettings</key>
			<dict>
				<key>ALWAYS_SEARCH_USER_PATHS</key>
				<string>NO</string>
				<key>CLANG_CXX_LANGUAGE_STANDARD</key>
				<string>gnu++0x</string>
				<key>CLANG_CXX_LIBRARY</key>
				<string>libc++</string>
				<key>CLANG_ENABLE_MODULES</key>
				<string>YES</string>
				<key>CLANG_ENABLE_OBJC_ARC</key>
				<string>YES</string>
				<key>CLANG_WARN_BOOL_CONVERSION</key>
				<string>YES</string>
				<key>CLANG_WARN_CONSTANT_CONVERSION</key>
				<string>YES</string>
				<key>CLANG_WARN_DIRECT_OBJC_ISA_USAGE</key>
				<string>YES_ERROR</string>
				<key>CLANG_WARN_EMPTY_BODY</key>
				<string>YES</string>
				<key>CLANG_WARN_ENUM_CONVERSION</key>
				<string>YES</string>
				<key>CLANG_WARN_INT_CONVERSION</key>
				<string>YES</string>
				<key>CLANG_WARN_OBJC_ROOT_CLASS</key>
				<string>YES_ERROR</string>
				<key>CLANG_WARN_UNREACHABLE_CODE</key>
				<string>YES</string>
				<key>CLANG_WARN__DUPLICATE_METHOD_MATCH</key>
				<string>YES</string>
				<key>CODE_SIGN_IDENTITY[sdk=iphoneos*]</key>
				<string>iPhone Developer</string>
				<key>COPY_PHASE_STRIP</key>
				<string>NO</string>
				<key>DEBUG_INFORMATION_FORMAT</key>
				<string>dwarf-with-dsym</string>
				<key>ENABLE_NS_ASSERTIONS</key>
				<string>NO</string>
				<key>ENABLE_STRICT_OBJC_MSGSEND</key>
				<string>YES</string>
				<key>GCC_C_LANGUAGE_STANDARD</key>
				<string>gnu99</string>
				<key>GCC_NO_COMMON_BLOCKS</key>
				<string>YES</string>
				<key>GCC_WARN_64_TO_32_BIT_CONVERSION</key>
				<string>YES</string>
				<key>GCC_WARN_ABOUT_RETURN_TYPE</key>
				<string>YES_ERROR</string>
				<key>GCC_WARN_UNDECLARED_SELECTOR</key>
				<string>YES</string>
				<key>GCC_WARN_UNINITIALIZED_AUTOS</key>
				<string>YES_AGGRESSIVE</string>
				<key>GCC_WARN_UNUSED_FUNCTION</key>
				<string>YES</string>
				<key>GCC_WARN_UNUSED_VARIABLE</key>
				<string>YES</string>
				<key>IPHONEOS_DEPLOYMENT_TARGET</key>
				<string>8.3</string>
				<key>MTL_ENABLE_DEBUG_INFO</key>
				<string>NO</string>
				<key>SDKROOT</key>
				<string>iphoneos</string>
				<key>VALIDATE_PRODUCT</key>
				<string>YES</string>
			</dict>
			<key>isa</key>
			<string>XCBuildConfiguration</string>
			<key>name</key>
			<string>Release</string>
		</dict>
		<key>DF183BB91B1CAA2B0001DDA4</key>
		<dict>
			<key>buildConfigurations</key>
			<array>
				<string>DF183BBA1B1CAA2B0001DDA4</string>
				<string>DF183BBB1B1CAA2B0001DDA4</string>
			</array>
			<key>defaultConfigurationIsVisible</key>
			<string>0</string>
			<key>isa</key>
			<string>XCConfigurationList</string>
		</dict>
		<key>DF183BBA1B1CAA2B0001DDA4</key>
		<dict>
			<key>buildSettings</key>
			<dict>
				<key>ASSETCATALOG_COMPILER_APPICON_NAME</key>
				<string>AppIcon</string>
				<key>INFOPLIST_FILE</key>
				<string>Filtacular/Info.plist</string>
				<key>LD_RUNPATH_SEARCH_PATHS</key>
				<string>$(inherited) @executable_path/Frameworks</string>
				<key>PRODUCT_NAME</key>
				<string>$(TARGET_NAME)</string>
			</dict>
			<key>isa</key>
			<string>XCBuildConfiguration</string>
			<key>name</key>
			<string>Debug</string>
		</dict>
		<key>DF183BBB1B1CAA2B0001DDA4</key>
		<dict>
			<key>buildSettings</key>
			<dict>
				<key>ASSETCATALOG_COMPILER_APPICON_NAME</key>
				<string>AppIcon</string>
				<key>INFOPLIST_FILE</key>
				<string>Filtacular/Info.plist</string>
				<key>LD_RUNPATH_SEARCH_PATHS</key>
				<string>$(inherited) @executable_path/Frameworks</string>
				<key>PRODUCT_NAME</key>
				<string>$(TARGET_NAME)</string>
			</dict>
			<key>isa</key>
			<string>XCBuildConfiguration</string>
			<key>name</key>
			<string>Release</string>
		</dict>
		<key>DF183BBC1B1CAA2B0001DDA4</key>
		<dict>
			<key>buildConfigurations</key>
			<array>
				<string>DF183BBD1B1CAA2B0001DDA4</string>
				<string>DF183BBE1B1CAA2B0001DDA4</string>
			</array>
			<key>defaultConfigurationIsVisible</key>
			<string>0</string>
			<key>isa</key>
			<string>XCConfigurationList</string>
		</dict>
		<key>DF183BBD1B1CAA2B0001DDA4</key>
		<dict>
			<key>baseConfigurationReference</key>
			<string>446A752EC5D9CE5C0F37069A</string>
			<key>buildSettings</key>
			<dict>
				<key>BUNDLE_LOADER</key>
				<string>$(TEST_HOST)</string>
				<key>FRAMEWORK_SEARCH_PATHS</key>
				<array>
					<string>$(SDKROOT)/Developer/Library/Frameworks</string>
					<string>$(inherited)</string>
				</array>
				<key>GCC_PREPROCESSOR_DEFINITIONS</key>
				<array>
					<string>DEBUG=1</string>
					<string>$(inherited)</string>
				</array>
				<key>INFOPLIST_FILE</key>
				<string>FiltacularTests/Info.plist</string>
				<key>LD_RUNPATH_SEARCH_PATHS</key>
				<string>$(inherited) @executable_path/Frameworks @loader_path/Frameworks</string>
				<key>PRODUCT_NAME</key>
				<string>$(TARGET_NAME)</string>
				<key>TEST_HOST</key>
				<string>$(BUILT_PRODUCTS_DIR)/Filtacular.app/Filtacular</string>
			</dict>
			<key>isa</key>
			<string>XCBuildConfiguration</string>
			<key>name</key>
			<string>Debug</string>
		</dict>
		<key>DF183BBE1B1CAA2B0001DDA4</key>
		<dict>
			<key>baseConfigurationReference</key>
			<string>C20F244065095227C4DD1B2B</string>
			<key>buildSettings</key>
			<dict>
				<key>BUNDLE_LOADER</key>
				<string>$(TEST_HOST)</string>
				<key>FRAMEWORK_SEARCH_PATHS</key>
				<array>
					<string>$(SDKROOT)/Developer/Library/Frameworks</string>
					<string>$(inherited)</string>
				</array>
				<key>INFOPLIST_FILE</key>
				<string>FiltacularTests/Info.plist</string>
				<key>LD_RUNPATH_SEARCH_PATHS</key>
				<string>$(inherited) @executable_path/Frameworks @loader_path/Frameworks</string>
				<key>PRODUCT_NAME</key>
				<string>$(TARGET_NAME)</string>
				<key>TEST_HOST</key>
				<string>$(BUILT_PRODUCTS_DIR)/Filtacular.app/Filtacular</string>
			</dict>
			<key>isa</key>
			<string>XCBuildConfiguration</string>
			<key>name</key>
			<string>Release</string>
		</dict>
		<key>F87BD5DD489DB985D5711B7B</key>
		<dict>
			<key>explicitFileType</key>
			<string>archive.ar</string>
			<key>includeInIndex</key>
			<string>0</string>
			<key>isa</key>
			<string>PBXFileReference</string>
			<key>path</key>
			<string>libPods-FiltacularTests.a</string>
			<key>sourceTree</key>
			<string>BUILT_PRODUCTS_DIR</string>
		</dict>
		<key>F9FE532600B8A1C56C214958</key>
		<dict>
			<key>children</key>
			<array>
				<string>F87BD5DD489DB985D5711B7B</string>
			</array>
			<key>isa</key>
			<string>PBXGroup</string>
			<key>name</key>
			<string>Frameworks</string>
			<key>sourceTree</key>
			<string>&lt;group&gt;</string>
		</dict>
	</dict>
	<key>rootObject</key>
	<string>DF183B8B1B1CAA2B0001DDA4</string>
</dict>
</plist>
