// !$*UTF8*$!
{
	archiveVersion = 1;
	classes = {
	};
	objectVersion = 46;
	objects = {

/* Begin PBXBuildFile section */
		85026EE1519951E127FB997B /* libPods-FiltacularTests.a in Frameworks */ = {isa = PBXBuildFile; fileRef = F87BD5DD489DB985D5711B7B /* libPods-FiltacularTests.a */; };
		DF17730C1B1CC29B00AD4CA4 /* AppledocSettings.plist in Resources */ = {isa = PBXBuildFile; fileRef = DF17730B1B1CC29A00AD4CA4 /* AppledocSettings.plist */; };
		DF183B991B1CAA2B0001DDA4 /* main.m in Sources */ = {isa = PBXBuildFile; fileRef = DF183B981B1CAA2B0001DDA4 /* main.m */; };
		DF183B9C1B1CAA2B0001DDA4 /* AppDelegate.m in Sources */ = {isa = PBXBuildFile; fileRef = DF183B9B1B1CAA2B0001DDA4 /* AppDelegate.m */; };
		DF183B9F1B1CAA2B0001DDA4 /* Filtacular.xcdatamodeld in Sources */ = {isa = PBXBuildFile; fileRef = DF183B9D1B1CAA2B0001DDA4 /* Filtacular.xcdatamodeld */; };
		DF183BA51B1CAA2B0001DDA4 /* Main.storyboard in Resources */ = {isa = PBXBuildFile; fileRef = DF183BA31B1CAA2B0001DDA4 /* Main.storyboard */; };
		DF183BA71B1CAA2B0001DDA4 /* Images.xcassets in Resources */ = {isa = PBXBuildFile; fileRef = DF183BA61B1CAA2B0001DDA4 /* Images.xcassets */; };
		DF183BAA1B1CAA2B0001DDA4 /* LaunchScreen.xib in Resources */ = {isa = PBXBuildFile; fileRef = DF183BA81B1CAA2B0001DDA4 /* LaunchScreen.xib */; };
		DF183BB61B1CAA2B0001DDA4 /* FiltacularTests.m in Sources */ = {isa = PBXBuildFile; fileRef = DF183BB51B1CAA2B0001DDA4 /* FiltacularTests.m */; };
		F2BF762F1B1CC8A50049C3DF /* IntroViewController.m in Sources */ = {isa = PBXBuildFile; fileRef = F2BF762E1B1CC8A50049C3DF /* IntroViewController.m */; };
		F2BF76351B1CD38E0049C3DF /* Fabric.framework in Frameworks */ = {isa = PBXBuildFile; fileRef = F2BF76311B1CD38E0049C3DF /* Fabric.framework */; };
		F2BF76361B1CD38E0049C3DF /* TwitterKit.framework in Frameworks */ = {isa = PBXBuildFile; fileRef = F2BF76321B1CD38E0049C3DF /* TwitterKit.framework */; };
		F2BF76371B1CD38E0049C3DF /* TwitterKitResources.bundle in Resources */ = {isa = PBXBuildFile; fileRef = F2BF76331B1CD38E0049C3DF /* TwitterKitResources.bundle */; };
		F2BF76381B1CD38E0049C3DF /* TwitterCore.framework in Frameworks */ = {isa = PBXBuildFile; fileRef = F2BF76341B1CD38E0049C3DF /* TwitterCore.framework */; };
		F2C24B061B1CDD6800665C70 /* UIView+SwapWithView.m in Sources */ = {isa = PBXBuildFile; fileRef = F2C24B051B1CDD6800665C70 /* UIView+SwapWithView.m */; };
/* End PBXBuildFile section */

/* Begin PBXContainerItemProxy section */
		DF183BB01B1CAA2B0001DDA4 /* PBXContainerItemProxy */ = {
			isa = PBXContainerItemProxy;
			containerPortal = DF183B8B1B1CAA2B0001DDA4 /* Project object */;
			proxyType = 1;
			remoteGlobalIDString = DF183B921B1CAA2B0001DDA4;
			remoteInfo = Filtacular;
		};
/* End PBXContainerItemProxy section */

/* Begin PBXFileReference section */
		446A752EC5D9CE5C0F37069A /* Pods-FiltacularTests.debug.xcconfig */ = {isa = PBXFileReference; includeInIndex = 1; lastKnownFileType = text.xcconfig; name = "Pods-FiltacularTests.debug.xcconfig"; path = "Pods/Target Support Files/Pods-FiltacularTests/Pods-FiltacularTests.debug.xcconfig"; sourceTree = "<group>"; };
		C20F244065095227C4DD1B2B /* Pods-FiltacularTests.release.xcconfig */ = {isa = PBXFileReference; includeInIndex = 1; lastKnownFileType = text.xcconfig; name = "Pods-FiltacularTests.release.xcconfig"; path = "Pods/Target Support Files/Pods-FiltacularTests/Pods-FiltacularTests.release.xcconfig"; sourceTree = "<group>"; };
		DF17730B1B1CC29A00AD4CA4 /* AppledocSettings.plist */ = {isa = PBXFileReference; fileEncoding = 4; lastKnownFileType = text.plist.xml; path = AppledocSettings.plist; sourceTree = "<group>"; };
		DF183B931B1CAA2B0001DDA4 /* Filtacular.app */ = {isa = PBXFileReference; explicitFileType = wrapper.application; includeInIndex = 0; path = Filtacular.app; sourceTree = BUILT_PRODUCTS_DIR; };
		DF183B971B1CAA2B0001DDA4 /* Info.plist */ = {isa = PBXFileReference; lastKnownFileType = text.plist.xml; path = Info.plist; sourceTree = "<group>"; };
		DF183B981B1CAA2B0001DDA4 /* main.m */ = {isa = PBXFileReference; lastKnownFileType = sourcecode.c.objc; path = main.m; sourceTree = "<group>"; };
		DF183B9A1B1CAA2B0001DDA4 /* AppDelegate.h */ = {isa = PBXFileReference; lastKnownFileType = sourcecode.c.h; path = AppDelegate.h; sourceTree = "<group>"; };
		DF183B9B1B1CAA2B0001DDA4 /* AppDelegate.m */ = {isa = PBXFileReference; lastKnownFileType = sourcecode.c.objc; path = AppDelegate.m; sourceTree = "<group>"; };
		DF183B9E1B1CAA2B0001DDA4 /* Filtacular.xcdatamodel */ = {isa = PBXFileReference; lastKnownFileType = wrapper.xcdatamodel; path = Filtacular.xcdatamodel; sourceTree = "<group>"; };
		DF183BA41B1CAA2B0001DDA4 /* Base */ = {isa = PBXFileReference; lastKnownFileType = file.storyboard; name = Base; path = Base.lproj/Main.storyboard; sourceTree = "<group>"; };
		DF183BA61B1CAA2B0001DDA4 /* Images.xcassets */ = {isa = PBXFileReference; lastKnownFileType = folder.assetcatalog; path = Images.xcassets; sourceTree = "<group>"; };
		DF183BA91B1CAA2B0001DDA4 /* Base */ = {isa = PBXFileReference; lastKnownFileType = file.xib; name = Base; path = Base.lproj/LaunchScreen.xib; sourceTree = "<group>"; };
		DF183BAF1B1CAA2B0001DDA4 /* FiltacularTests.xctest */ = {isa = PBXFileReference; explicitFileType = wrapper.cfbundle; includeInIndex = 0; path = FiltacularTests.xctest; sourceTree = BUILT_PRODUCTS_DIR; };
		DF183BB41B1CAA2B0001DDA4 /* Info.plist */ = {isa = PBXFileReference; lastKnownFileType = text.plist.xml; path = Info.plist; sourceTree = "<group>"; };
		DF183BB51B1CAA2B0001DDA4 /* FiltacularTests.m */ = {isa = PBXFileReference; lastKnownFileType = sourcecode.c.objc; path = FiltacularTests.m; sourceTree = "<group>"; };
		F2BF762D1B1CC8A50049C3DF /* IntroViewController.h */ = {isa = PBXFileReference; fileEncoding = 4; lastKnownFileType = sourcecode.c.h; path = IntroViewController.h; sourceTree = "<group>"; };
		F2BF762E1B1CC8A50049C3DF /* IntroViewController.m */ = {isa = PBXFileReference; fileEncoding = 4; lastKnownFileType = sourcecode.c.objc; path = IntroViewController.m; sourceTree = "<group>"; };
		F2BF76311B1CD38E0049C3DF /* Fabric.framework */ = {isa = PBXFileReference; lastKnownFileType = wrapper.framework; name = Fabric.framework; path = Filtacular/Fabric.framework; sourceTree = "<group>"; };
		F2BF76321B1CD38E0049C3DF /* TwitterKit.framework */ = {isa = PBXFileReference; lastKnownFileType = wrapper.framework; name = TwitterKit.framework; path = Filtacular/TwitterKit.framework; sourceTree = "<group>"; };
		F2BF76331B1CD38E0049C3DF /* TwitterKitResources.bundle */ = {isa = PBXFileReference; lastKnownFileType = "wrapper.plug-in"; name = TwitterKitResources.bundle; path = Filtacular/TwitterKitResources.bundle; sourceTree = "<group>"; };
		F2BF76341B1CD38E0049C3DF /* TwitterCore.framework */ = {isa = PBXFileReference; lastKnownFileType = wrapper.framework; name = TwitterCore.framework; path = Filtacular/TwitterCore.framework; sourceTree = "<group>"; };
		F2C24B041B1CDD6800665C70 /* UIView+SwapWithView.h */ = {isa = PBXFileReference; fileEncoding = 4; lastKnownFileType = sourcecode.c.h; path = "UIView+SwapWithView.h"; sourceTree = "<group>"; };
		F2C24B051B1CDD6800665C70 /* UIView+SwapWithView.m */ = {isa = PBXFileReference; fileEncoding = 4; lastKnownFileType = sourcecode.c.objc; path = "UIView+SwapWithView.m"; sourceTree = "<group>"; };
		F87BD5DD489DB985D5711B7B /* libPods-FiltacularTests.a */ = {isa = PBXFileReference; explicitFileType = archive.ar; includeInIndex = 0; path = "libPods-FiltacularTests.a"; sourceTree = BUILT_PRODUCTS_DIR; };
/* End PBXFileReference section */

/* Begin PBXFrameworksBuildPhase section */
		DF183B901B1CAA2B0001DDA4 /* Frameworks */ = {
			isa = PBXFrameworksBuildPhase;
			buildActionMask = 2147483647;
			files = (
				F2BF76351B1CD38E0049C3DF /* Fabric.framework in Frameworks */,
				F2BF76381B1CD38E0049C3DF /* TwitterCore.framework in Frameworks */,
				F2BF76361B1CD38E0049C3DF /* TwitterKit.framework in Frameworks */,
			);
			runOnlyForDeploymentPostprocessing = 0;
		};
		DF183BAC1B1CAA2B0001DDA4 /* Frameworks */ = {
			isa = PBXFrameworksBuildPhase;
			buildActionMask = 2147483647;
			files = (
				85026EE1519951E127FB997B /* libPods-FiltacularTests.a in Frameworks */,
			);
			runOnlyForDeploymentPostprocessing = 0;
		};
/* End PBXFrameworksBuildPhase section */

/* Begin PBXGroup section */
		B71941FC07BF3155C05904E7 /* Pods */ = {
			isa = PBXGroup;
			children = (
				446A752EC5D9CE5C0F37069A /* Pods-FiltacularTests.debug.xcconfig */,
				C20F244065095227C4DD1B2B /* Pods-FiltacularTests.release.xcconfig */,
			);
			name = Pods;
			sourceTree = "<group>";
		};
		DF183B8A1B1CAA2B0001DDA4 = {
			isa = PBXGroup;
			children = (
				DF183B951B1CAA2B0001DDA4 /* Filtacular */,
				DF183BB21B1CAA2B0001DDA4 /* FiltacularTests */,
				DF183B941B1CAA2B0001DDA4 /* Products */,
				B71941FC07BF3155C05904E7 /* Pods */,
				F9FE532600B8A1C56C214958 /* Frameworks */,
			);
			sourceTree = "<group>";
		};
		DF183B941B1CAA2B0001DDA4 /* Products */ = {
			isa = PBXGroup;
			children = (
				DF183B931B1CAA2B0001DDA4 /* Filtacular.app */,
				DF183BAF1B1CAA2B0001DDA4 /* FiltacularTests.xctest */,
			);
			name = Products;
			sourceTree = "<group>";
		};
		DF183B951B1CAA2B0001DDA4 /* Filtacular */ = {
			isa = PBXGroup;
			children = (
				F2C24B071B1CDD7B00665C70 /* Categories */,
				DF183B9A1B1CAA2B0001DDA4 /* AppDelegate.h */,
				DF183B9B1B1CAA2B0001DDA4 /* AppDelegate.m */,
				F2BF762D1B1CC8A50049C3DF /* IntroViewController.h */,
				F2BF762E1B1CC8A50049C3DF /* IntroViewController.m */,
				DF183BA31B1CAA2B0001DDA4 /* Main.storyboard */,
				DF183BA61B1CAA2B0001DDA4 /* Images.xcassets */,
				DF183BA81B1CAA2B0001DDA4 /* LaunchScreen.xib */,
				DF183B9D1B1CAA2B0001DDA4 /* Filtacular.xcdatamodeld */,
				DF183B961B1CAA2B0001DDA4 /* Supporting Files */,
			);
			path = Filtacular;
			sourceTree = "<group>";
		};
		DF183B961B1CAA2B0001DDA4 /* Supporting Files */ = {
			isa = PBXGroup;
			children = (
				DF17730B1B1CC29A00AD4CA4 /* AppledocSettings.plist */,
				DF183B971B1CAA2B0001DDA4 /* Info.plist */,
				DF183B981B1CAA2B0001DDA4 /* main.m */,
			);
			name = "Supporting Files";
			sourceTree = "<group>";
		};
		DF183BB21B1CAA2B0001DDA4 /* FiltacularTests */ = {
			isa = PBXGroup;
			children = (
				DF183BB51B1CAA2B0001DDA4 /* FiltacularTests.m */,
				DF183BB31B1CAA2B0001DDA4 /* Supporting Files */,
			);
			path = FiltacularTests;
			sourceTree = "<group>";
		};
		DF183BB31B1CAA2B0001DDA4 /* Supporting Files */ = {
			isa = PBXGroup;
			children = (
				DF183BB41B1CAA2B0001DDA4 /* Info.plist */,
			);
			name = "Supporting Files";
			sourceTree = "<group>";
		};
		F2C24B071B1CDD7B00665C70 /* Categories */ = {
			isa = PBXGroup;
			children = (
				F2C24B041B1CDD6800665C70 /* UIView+SwapWithView.h */,
				F2C24B051B1CDD6800665C70 /* UIView+SwapWithView.m */,
			);
			name = Categories;
			sourceTree = "<group>";
		};
		F9FE532600B8A1C56C214958 /* Frameworks */ = {
			isa = PBXGroup;
			children = (
				F2BF76311B1CD38E0049C3DF /* Fabric.framework */,
				F2BF76321B1CD38E0049C3DF /* TwitterKit.framework */,
				F2BF76341B1CD38E0049C3DF /* TwitterCore.framework */,
				F2BF76331B1CD38E0049C3DF /* TwitterKitResources.bundle */,
				F87BD5DD489DB985D5711B7B /* libPods-FiltacularTests.a */,
			);
			name = Frameworks;
			sourceTree = "<group>";
		};
/* End PBXGroup section */

/* Begin PBXNativeTarget section */
		DF183B921B1CAA2B0001DDA4 /* Filtacular */ = {
			isa = PBXNativeTarget;
			buildConfigurationList = DF183BB91B1CAA2B0001DDA4 /* Build configuration list for PBXNativeTarget "Filtacular" */;
			buildPhases = (
				DF183B8F1B1CAA2B0001DDA4 /* Sources */,
				DF183B901B1CAA2B0001DDA4 /* Frameworks */,
				DF183B911B1CAA2B0001DDA4 /* Resources */,
				F2BF76301B1CD36C0049C3DF /* ShellScript */,
			);
			buildRules = (
			);
			dependencies = (
			);
			name = Filtacular;
			productName = Filtacular;
			productReference = DF183B931B1CAA2B0001DDA4 /* Filtacular.app */;
			productType = "com.apple.product-type.application";
		};
		DF183BAE1B1CAA2B0001DDA4 /* FiltacularTests */ = {
			isa = PBXNativeTarget;
			buildConfigurationList = DF183BBC1B1CAA2B0001DDA4 /* Build configuration list for PBXNativeTarget "FiltacularTests" */;
			buildPhases = (
				C5DC01DBF7DBEBB44E3DB3AE /* Check Pods Manifest.lock */,
				DF183BAB1B1CAA2B0001DDA4 /* Sources */,
				DF183BAC1B1CAA2B0001DDA4 /* Frameworks */,
				DF183BAD1B1CAA2B0001DDA4 /* Resources */,
				CA91FFD2E7FCBC62D8EFE2CB /* Copy Pods Resources */,
			);
			buildRules = (
			);
			dependencies = (
				DF183BB11B1CAA2B0001DDA4 /* PBXTargetDependency */,
			);
			name = FiltacularTests;
			productName = FiltacularTests;
			productReference = DF183BAF1B1CAA2B0001DDA4 /* FiltacularTests.xctest */;
			productType = "com.apple.product-type.bundle.unit-test";
		};
/* End PBXNativeTarget section */

/* Begin PBXProject section */
		DF183B8B1B1CAA2B0001DDA4 /* Project object */ = {
			isa = PBXProject;
			attributes = {
				LastUpgradeCheck = 0630;
				ORGANIZATIONNAME = Cloudspace;
				TargetAttributes = {
					DF183B921B1CAA2B0001DDA4 = {
						CreatedOnToolsVersion = 6.3.2;
					};
					DF183BAE1B1CAA2B0001DDA4 = {
						CreatedOnToolsVersion = 6.3.2;
						TestTargetID = DF183B921B1CAA2B0001DDA4;
					};
				};
			};
			buildConfigurationList = DF183B8E1B1CAA2B0001DDA4 /* Build configuration list for PBXProject "Filtacular" */;
			compatibilityVersion = "Xcode 3.2";
			developmentRegion = English;
			hasScannedForEncodings = 0;
			knownRegions = (
				en,
				Base,
			);
			mainGroup = DF183B8A1B1CAA2B0001DDA4;
			productRefGroup = DF183B941B1CAA2B0001DDA4 /* Products */;
			projectDirPath = "";
			projectRoot = "";
			targets = (
				DF183B921B1CAA2B0001DDA4 /* Filtacular */,
				DF183BAE1B1CAA2B0001DDA4 /* FiltacularTests */,
			);
		};
/* End PBXProject section */

/* Begin PBXResourcesBuildPhase section */
		DF183B911B1CAA2B0001DDA4 /* Resources */ = {
			isa = PBXResourcesBuildPhase;
			buildActionMask = 2147483647;
			files = (
				DF183BA51B1CAA2B0001DDA4 /* Main.storyboard in Resources */,
				DF17730C1B1CC29B00AD4CA4 /* AppledocSettings.plist in Resources */,
				DF183BAA1B1CAA2B0001DDA4 /* LaunchScreen.xib in Resources */,
				DF183BA71B1CAA2B0001DDA4 /* Images.xcassets in Resources */,
				F2BF76371B1CD38E0049C3DF /* TwitterKitResources.bundle in Resources */,
			);
			runOnlyForDeploymentPostprocessing = 0;
		};
		DF183BAD1B1CAA2B0001DDA4 /* Resources */ = {
			isa = PBXResourcesBuildPhase;
			buildActionMask = 2147483647;
			files = (
			);
			runOnlyForDeploymentPostprocessing = 0;
		};
/* End PBXResourcesBuildPhase section */

/* Begin PBXShellScriptBuildPhase section */
		C5DC01DBF7DBEBB44E3DB3AE /* Check Pods Manifest.lock */ = {
			isa = PBXShellScriptBuildPhase;
			buildActionMask = 2147483647;
			files = (
			);
			inputPaths = (
			);
			name = "Check Pods Manifest.lock";
			outputPaths = (
			);
			runOnlyForDeploymentPostprocessing = 0;
			shellPath = /bin/sh;
			shellScript = "diff \"${PODS_ROOT}/../Podfile.lock\" \"${PODS_ROOT}/Manifest.lock\" > /dev/null\nif [[ $? != 0 ]] ; then\n    cat << EOM\nerror: The sandbox is not in sync with the Podfile.lock. Run 'pod install' or update your CocoaPods installation.\nEOM\n    exit 1\nfi\n";
			showEnvVarsInLog = 0;
		};
		CA91FFD2E7FCBC62D8EFE2CB /* Copy Pods Resources */ = {
			isa = PBXShellScriptBuildPhase;
			buildActionMask = 2147483647;
			files = (
			);
			inputPaths = (
			);
			name = "Copy Pods Resources";
			outputPaths = (
			);
			runOnlyForDeploymentPostprocessing = 0;
			shellPath = /bin/sh;
			shellScript = "\"${SRCROOT}/Pods/Target Support Files/Pods-FiltacularTests/Pods-FiltacularTests-resources.sh\"\n";
			showEnvVarsInLog = 0;
		};
		F2BF76301B1CD36C0049C3DF /* ShellScript */ = {
			isa = PBXShellScriptBuildPhase;
			buildActionMask = 2147483647;
			files = (
			);
			inputPaths = (
			);
			outputPaths = (
			);
			runOnlyForDeploymentPostprocessing = 0;
			shellPath = /bin/sh;
			shellScript = "./Fabric.framework/run 10f371ccab6ea0713705fbb5dc2c6bd86f0aa474 1f1346a6733d796cc5ccfb6012b519eb9c067f0df38662b5b65c20c3c2d354a7";
		};
/* End PBXShellScriptBuildPhase section */

/* Begin PBXSourcesBuildPhase section */
		DF183B8F1B1CAA2B0001DDA4 /* Sources */ = {
			isa = PBXSourcesBuildPhase;
			buildActionMask = 2147483647;
			files = (
				DF183B9C1B1CAA2B0001DDA4 /* AppDelegate.m in Sources */,
				F2C24B061B1CDD6800665C70 /* UIView+SwapWithView.m in Sources */,
				DF183B9F1B1CAA2B0001DDA4 /* Filtacular.xcdatamodeld in Sources */,
				DF183B991B1CAA2B0001DDA4 /* main.m in Sources */,
				F2BF762F1B1CC8A50049C3DF /* IntroViewController.m in Sources */,
			);
			runOnlyForDeploymentPostprocessing = 0;
		};
		DF183BAB1B1CAA2B0001DDA4 /* Sources */ = {
			isa = PBXSourcesBuildPhase;
			buildActionMask = 2147483647;
			files = (
				DF183BB61B1CAA2B0001DDA4 /* FiltacularTests.m in Sources */,
			);
			runOnlyForDeploymentPostprocessing = 0;
		};
/* End PBXSourcesBuildPhase section */

/* Begin PBXTargetDependency section */
		DF183BB11B1CAA2B0001DDA4 /* PBXTargetDependency */ = {
			isa = PBXTargetDependency;
			target = DF183B921B1CAA2B0001DDA4 /* Filtacular */;
			targetProxy = DF183BB01B1CAA2B0001DDA4 /* PBXContainerItemProxy */;
		};
/* End PBXTargetDependency section */

/* Begin PBXVariantGroup section */
		DF183BA31B1CAA2B0001DDA4 /* Main.storyboard */ = {
			isa = PBXVariantGroup;
			children = (
				DF183BA41B1CAA2B0001DDA4 /* Base */,
			);
			name = Main.storyboard;
			sourceTree = "<group>";
		};
		DF183BA81B1CAA2B0001DDA4 /* LaunchScreen.xib */ = {
			isa = PBXVariantGroup;
			children = (
				DF183BA91B1CAA2B0001DDA4 /* Base */,
			);
			name = LaunchScreen.xib;
			sourceTree = "<group>";
		};
/* End PBXVariantGroup section */

/* Begin XCBuildConfiguration section */
		DF183BB71B1CAA2B0001DDA4 /* Debug */ = {
			isa = XCBuildConfiguration;
			buildSettings = {
				ALWAYS_SEARCH_USER_PATHS = NO;
				CLANG_CXX_LANGUAGE_STANDARD = "gnu++0x";
				CLANG_CXX_LIBRARY = "libc++";
				CLANG_ENABLE_MODULES = YES;
				CLANG_ENABLE_OBJC_ARC = YES;
				CLANG_WARN_BOOL_CONVERSION = YES;
				CLANG_WARN_CONSTANT_CONVERSION = YES;
				CLANG_WARN_DIRECT_OBJC_ISA_USAGE = YES_ERROR;
				CLANG_WARN_EMPTY_BODY = YES;
				CLANG_WARN_ENUM_CONVERSION = YES;
				CLANG_WARN_INT_CONVERSION = YES;
				CLANG_WARN_OBJC_ROOT_CLASS = YES_ERROR;
				CLANG_WARN_UNREACHABLE_CODE = YES;
				CLANG_WARN__DUPLICATE_METHOD_MATCH = YES;
				"CODE_SIGN_IDENTITY[sdk=iphoneos*]" = "iPhone Developer";
				COPY_PHASE_STRIP = NO;
				DEBUG_INFORMATION_FORMAT = "dwarf-with-dsym";
				ENABLE_STRICT_OBJC_MSGSEND = YES;
				GCC_C_LANGUAGE_STANDARD = gnu99;
				GCC_DYNAMIC_NO_PIC = NO;
				GCC_NO_COMMON_BLOCKS = YES;
				GCC_OPTIMIZATION_LEVEL = 0;
				GCC_PREPROCESSOR_DEFINITIONS = (
					"DEBUG=1",
					"$(inherited)",
				);
				GCC_SYMBOLS_PRIVATE_EXTERN = NO;
				GCC_WARN_64_TO_32_BIT_CONVERSION = YES;
				GCC_WARN_ABOUT_RETURN_TYPE = YES_ERROR;
				GCC_WARN_UNDECLARED_SELECTOR = YES;
				GCC_WARN_UNINITIALIZED_AUTOS = YES_AGGRESSIVE;
				GCC_WARN_UNUSED_FUNCTION = YES;
				GCC_WARN_UNUSED_VARIABLE = YES;
				IPHONEOS_DEPLOYMENT_TARGET = 8.1;
				MTL_ENABLE_DEBUG_INFO = YES;
				ONLY_ACTIVE_ARCH = YES;
				SDKROOT = iphoneos;
			};
			name = Debug;
		};
		DF183BB81B1CAA2B0001DDA4 /* Release */ = {
			isa = XCBuildConfiguration;
			buildSettings = {
				ALWAYS_SEARCH_USER_PATHS = NO;
				CLANG_CXX_LANGUAGE_STANDARD = "gnu++0x";
				CLANG_CXX_LIBRARY = "libc++";
				CLANG_ENABLE_MODULES = YES;
				CLANG_ENABLE_OBJC_ARC = YES;
				CLANG_WARN_BOOL_CONVERSION = YES;
				CLANG_WARN_CONSTANT_CONVERSION = YES;
				CLANG_WARN_DIRECT_OBJC_ISA_USAGE = YES_ERROR;
				CLANG_WARN_EMPTY_BODY = YES;
				CLANG_WARN_ENUM_CONVERSION = YES;
				CLANG_WARN_INT_CONVERSION = YES;
				CLANG_WARN_OBJC_ROOT_CLASS = YES_ERROR;
				CLANG_WARN_UNREACHABLE_CODE = YES;
				CLANG_WARN__DUPLICATE_METHOD_MATCH = YES;
				"CODE_SIGN_IDENTITY[sdk=iphoneos*]" = "iPhone Distribution";
				COPY_PHASE_STRIP = NO;
				DEBUG_INFORMATION_FORMAT = "dwarf-with-dsym";
				ENABLE_NS_ASSERTIONS = NO;
				ENABLE_STRICT_OBJC_MSGSEND = YES;
				GCC_C_LANGUAGE_STANDARD = gnu99;
				GCC_NO_COMMON_BLOCKS = YES;
				GCC_WARN_64_TO_32_BIT_CONVERSION = YES;
				GCC_WARN_ABOUT_RETURN_TYPE = YES_ERROR;
				GCC_WARN_UNDECLARED_SELECTOR = YES;
				GCC_WARN_UNINITIALIZED_AUTOS = YES_AGGRESSIVE;
				GCC_WARN_UNUSED_FUNCTION = YES;
				GCC_WARN_UNUSED_VARIABLE = YES;
				IPHONEOS_DEPLOYMENT_TARGET = 8.1;
				MTL_ENABLE_DEBUG_INFO = NO;
				SDKROOT = iphoneos;
				VALIDATE_PRODUCT = YES;
			};
			name = Release;
		};
		DF183BBA1B1CAA2B0001DDA4 /* Debug */ = {
			isa = XCBuildConfiguration;
			buildSettings = {
				ASSETCATALOG_COMPILER_APPICON_NAME = AppIcon;
				FRAMEWORK_SEARCH_PATHS = (
					"$(inherited)",
					"$(PROJECT_DIR)/Filtacular",
				);
				INFOPLIST_FILE = Filtacular/Info.plist;
				LD_RUNPATH_SEARCH_PATHS = "$(inherited) @executable_path/Frameworks";
				PRODUCT_NAME = "$(TARGET_NAME)";
			};
			name = Debug;
		};
		DF183BBB1B1CAA2B0001DDA4 /* Release */ = {
			isa = XCBuildConfiguration;
			buildSettings = {
				ASSETCATALOG_COMPILER_APPICON_NAME = AppIcon;
				FRAMEWORK_SEARCH_PATHS = (
					"$(inherited)",
					"$(PROJECT_DIR)/Filtacular",
				);
				INFOPLIST_FILE = Filtacular/Info.plist;
				LD_RUNPATH_SEARCH_PATHS = "$(inherited) @executable_path/Frameworks";
				PRODUCT_NAME = "$(TARGET_NAME)";
			};
			name = Release;
		};
		DF183BBD1B1CAA2B0001DDA4 /* Debug */ = {
			isa = XCBuildConfiguration;
			baseConfigurationReference = 446A752EC5D9CE5C0F37069A /* Pods-FiltacularTests.debug.xcconfig */;
			buildSettings = {
				BUNDLE_LOADER = "$(TEST_HOST)";
				FRAMEWORK_SEARCH_PATHS = (
					"$(SDKROOT)/Developer/Library/Frameworks",
					"$(inherited)",
				);
				GCC_PREPROCESSOR_DEFINITIONS = (
					"DEBUG=1",
					"$(inherited)",
				);
				INFOPLIST_FILE = FiltacularTests/Info.plist;
				LD_RUNPATH_SEARCH_PATHS = "$(inherited) @executable_path/Frameworks @loader_path/Frameworks";
				PRODUCT_NAME = "$(TARGET_NAME)";
				TEST_HOST = "$(BUILT_PRODUCTS_DIR)/Filtacular.app/Filtacular";
			};
			name = Debug;
		};
		DF183BBE1B1CAA2B0001DDA4 /* Release */ = {
			isa = XCBuildConfiguration;
			baseConfigurationReference = C20F244065095227C4DD1B2B /* Pods-FiltacularTests.release.xcconfig */;
			buildSettings = {
				BUNDLE_LOADER = "$(TEST_HOST)";
				FRAMEWORK_SEARCH_PATHS = (
					"$(SDKROOT)/Developer/Library/Frameworks",
					"$(inherited)",
				);
				INFOPLIST_FILE = FiltacularTests/Info.plist;
				LD_RUNPATH_SEARCH_PATHS = "$(inherited) @executable_path/Frameworks @loader_path/Frameworks";
				PRODUCT_NAME = "$(TARGET_NAME)";
				TEST_HOST = "$(BUILT_PRODUCTS_DIR)/Filtacular.app/Filtacular";
			};
			name = Release;
		};
/* End XCBuildConfiguration section */

/* Begin XCConfigurationList section */
		DF183B8E1B1CAA2B0001DDA4 /* Build configuration list for PBXProject "Filtacular" */ = {
			isa = XCConfigurationList;
			buildConfigurations = (
				DF183BB71B1CAA2B0001DDA4 /* Debug */,
				DF183BB81B1CAA2B0001DDA4 /* Release */,
			);
			defaultConfigurationIsVisible = 0;
			defaultConfigurationName = Release;
		};
		DF183BB91B1CAA2B0001DDA4 /* Build configuration list for PBXNativeTarget "Filtacular" */ = {
			isa = XCConfigurationList;
			buildConfigurations = (
				DF183BBA1B1CAA2B0001DDA4 /* Debug */,
				DF183BBB1B1CAA2B0001DDA4 /* Release */,
			);
			defaultConfigurationIsVisible = 0;
			defaultConfigurationName = Release;
		};
		DF183BBC1B1CAA2B0001DDA4 /* Build configuration list for PBXNativeTarget "FiltacularTests" */ = {
			isa = XCConfigurationList;
			buildConfigurations = (
				DF183BBD1B1CAA2B0001DDA4 /* Debug */,
				DF183BBE1B1CAA2B0001DDA4 /* Release */,
			);
			defaultConfigurationIsVisible = 0;
			defaultConfigurationName = Release;
		};
/* End XCConfigurationList section */

/* Begin XCVersionGroup section */
		DF183B9D1B1CAA2B0001DDA4 /* Filtacular.xcdatamodeld */ = {
			isa = XCVersionGroup;
			children = (
				DF183B9E1B1CAA2B0001DDA4 /* Filtacular.xcdatamodel */,
			);
			currentVersion = DF183B9E1B1CAA2B0001DDA4 /* Filtacular.xcdatamodel */;
			path = Filtacular.xcdatamodeld;
			sourceTree = "<group>";
			versionGroupType = wrapper.xcdatamodel;
		};
/* End XCVersionGroup section */
	};
	rootObject = DF183B8B1B1CAA2B0001DDA4 /* Project object */;
}
